
Microsoft Visual Studio Solution File, Format Version 12.00
# Visual Studio Version 16
VisualStudioVersion = 16.0.30804.86
MinimumVisualStudioVersion = 10.0.40219.1
Project("{FAE04EC0-301F-11D3-BF4B-00C04F79EFBC}") = "v1web", "v1web\v1web.csproj", "{0F2303C4-15F2-4187-A32D-2E26280447F2}"
EndProject
Global
	GlobalSection(SolutionConfigurationPlatforms) = preSolution
		Debug|Any CPU = Debug|Any CPU
		Release|Any CPU = Release|Any CPU
	EndGlobalSection
	GlobalSection(ProjectConfigurationPlatforms) = postSolution
		{0F2303C4-15F2-4187-A32D-2E26280447F2}.Debug|Any CPU.ActiveCfg = Debug|Any CPU
		{0F2303C4-15F2-4187-A32D-2E26280447F2}.Debug|Any CPU.Build.0 = Debug|Any CPU
		{0F2303C4-15F2-4187-A32D-2E26280447F2}.Release|Any CPU.ActiveCfg = Release|Any CPU
		{0F2303C4-15F2-4187-A32D-2E26280447F2}.Release|Any CPU.Build.0 = Release|Any CPU
	EndGlobalSection
	GlobalSection(SolutionProperties) = preSolution
		HideSolutionNode = FALSE
	EndGlobalSection
	GlobalSection(ExtensibilityGlobals) = postSolution
		SolutionGuid = {E4D794FA-EAA2-4653-BDB4-09F538F0CE8D}
	EndGlobalSection
EndGlobal
